
Microsoft Visual Studio Solution File, Format Version 12.00
# Visual Studio Version 17
VisualStudioVersion = 17.2.32630.192
MinimumVisualStudioVersion = 10.0.40219.1
Project("{FAE04EC0-301F-11D3-BF4B-00C04F79EFBC}") = "DevoirPA", "DevoirPA\DevoirPA.csproj", "{EA54C73E-9F24-49EF-B295-BD43494462E7}"
EndProject
Global
	GlobalSection(SolutionConfigurationPlatforms) = preSolution
		Debug|Any CPU = Debug|Any CPU
		Release|Any CPU = Release|Any CPU
	EndGlobalSection
	GlobalSection(ProjectConfigurationPlatforms) = postSolution
		{EA54C73E-9F24-49EF-B295-BD43494462E7}.Debug|Any CPU.ActiveCfg = Debug|Any CPU
		{EA54C73E-9F24-49EF-B295-BD43494462E7}.Debug|Any CPU.Build.0 = Debug|Any CPU
		{EA54C73E-9F24-49EF-B295-BD43494462E7}.Release|Any CPU.ActiveCfg = Release|Any CPU
		{EA54C73E-9F24-49EF-B295-BD43494462E7}.Release|Any CPU.Build.0 = Release|Any CPU
	EndGlobalSection
	GlobalSection(SolutionProperties) = preSolution
		HideSolutionNode = FALSE
	EndGlobalSection
	GlobalSection(ExtensibilityGlobals) = postSolution
		SolutionGuid = {BD2AC85E-07C2-4D29-9A6B-B66E74D4ED60}
	EndGlobalSection
EndGlobal
